// !$*UTF8*$!
{
	archiveVersion = 1;
	classes = {
	};
	objectVersion = 50;
	objects = {

/* Begin PBXBuildFile section */
		6D56D38E21F7EE9000258A9D /* UIButton.swift in Sources */ = {isa = PBXBuildFile; fileRef = 6D56D38D21F7EE9000258A9D /* UIButton.swift */; };
		6D63DC242200A3870006DAD8 /* ServidoresViewController.swift in Sources */ = {isa = PBXBuildFile; fileRef = 6D63DC232200A3870006DAD8 /* ServidoresViewController.swift */; };
		6DAB43CE21FFE29F00419370 /* PopOverViewController.swift in Sources */ = {isa = PBXBuildFile; fileRef = 6DAB43CD21FFE29F00419370 /* PopOverViewController.swift */; };
		6DAB43D021FFE67100419370 /* Categoria.swift in Sources */ = {isa = PBXBuildFile; fileRef = 6DAB43CF21FFE67100419370 /* Categoria.swift */; };
		6DC3C9DD220BBC2F005EAC4E /* SobreViewController.swift in Sources */ = {isa = PBXBuildFile; fileRef = 6DC3C9DC220BBC2F005EAC4E /* SobreViewController.swift */; };
		6DC3C9DF220BCFD1005EAC4E /* WebViewController.swift in Sources */ = {isa = PBXBuildFile; fileRef = 6DC3C9DE220BCFD1005EAC4E /* WebViewController.swift */; };
		6DF721AA21F761BC00B79C7E /* AppDelegate.swift in Sources */ = {isa = PBXBuildFile; fileRef = 6DF721A921F761BC00B79C7E /* AppDelegate.swift */; };
		6DF721AC21F761BC00B79C7E /* CategoriasViewController.swift in Sources */ = {isa = PBXBuildFile; fileRef = 6DF721AB21F761BC00B79C7E /* CategoriasViewController.swift */; };
		6DF721AF21F761BC00B79C7E /* Main.storyboard in Resources */ = {isa = PBXBuildFile; fileRef = 6DF721AD21F761BC00B79C7E /* Main.storyboard */; };
		6DF721B121F761BE00B79C7E /* Assets.xcassets in Resources */ = {isa = PBXBuildFile; fileRef = 6DF721B021F761BE00B79C7E /* Assets.xcassets */; };
		6DF721B421F761BE00B79C7E /* LaunchScreen.storyboard in Resources */ = {isa = PBXBuildFile; fileRef = 6DF721B221F761BE00B79C7E /* LaunchScreen.storyboard */; };
/* End PBXBuildFile section */

/* Begin PBXFileReference section */
		6D56D38D21F7EE9000258A9D /* UIButton.swift */ = {isa = PBXFileReference; lastKnownFileType = sourcecode.swift; path = UIButton.swift; sourceTree = "<group>"; };
		6D63DC232200A3870006DAD8 /* ServidoresViewController.swift */ = {isa = PBXFileReference; lastKnownFileType = sourcecode.swift; path = ServidoresViewController.swift; sourceTree = "<group>"; };
		6DAB43CD21FFE29F00419370 /* PopOverViewController.swift */ = {isa = PBXFileReference; lastKnownFileType = sourcecode.swift; name = PopOverViewController.swift; path = Opacity/Controller/PopOverViewController.swift; sourceTree = SOURCE_ROOT; };
		6DAB43CF21FFE67100419370 /* Categoria.swift */ = {isa = PBXFileReference; lastKnownFileType = sourcecode.swift; name = Categoria.swift; path = Opacity/Model/Categoria.swift; sourceTree = SOURCE_ROOT; };
		6DC3C9DC220BBC2F005EAC4E /* SobreViewController.swift */ = {isa = PBXFileReference; lastKnownFileType = sourcecode.swift; path = SobreViewController.swift; sourceTree = "<group>"; };
		6DC3C9DE220BCFD1005EAC4E /* WebViewController.swift */ = {isa = PBXFileReference; lastKnownFileType = sourcecode.swift; name = WebViewController.swift; path = Opacity/Controller/WebViewController.swift; sourceTree = "<group>"; };
		6DF721A621F761BC00B79C7E /* Opacity.app */ = {isa = PBXFileReference; explicitFileType = wrapper.application; includeInIndex = 0; path = Opacity.app; sourceTree = BUILT_PRODUCTS_DIR; };
		6DF721A921F761BC00B79C7E /* AppDelegate.swift */ = {isa = PBXFileReference; lastKnownFileType = sourcecode.swift; path = AppDelegate.swift; sourceTree = "<group>"; };
		6DF721AB21F761BC00B79C7E /* CategoriasViewController.swift */ = {isa = PBXFileReference; lastKnownFileType = sourcecode.swift; path = CategoriasViewController.swift; sourceTree = "<group>"; };
		6DF721AE21F761BC00B79C7E /* Base */ = {isa = PBXFileReference; lastKnownFileType = file.storyboard; name = Base; path = Base.lproj/Main.storyboard; sourceTree = "<group>"; };
		6DF721B021F761BE00B79C7E /* Assets.xcassets */ = {isa = PBXFileReference; lastKnownFileType = folder.assetcatalog; path = Assets.xcassets; sourceTree = "<group>"; };
		6DF721B321F761BE00B79C7E /* Base */ = {isa = PBXFileReference; lastKnownFileType = file.storyboard; name = Base; path = Base.lproj/LaunchScreen.storyboard; sourceTree = "<group>"; };
		6DF721B521F761BE00B79C7E /* Info.plist */ = {isa = PBXFileReference; lastKnownFileType = text.plist.xml; path = Info.plist; sourceTree = "<group>"; };
/* End PBXFileReference section */

/* Begin PBXFrameworksBuildPhase section */
		6DF721A321F761BC00B79C7E /* Frameworks */ = {
			isa = PBXFrameworksBuildPhase;
			buildActionMask = 2147483647;
			files = (
			);
			runOnlyForDeploymentPostprocessing = 0;
		};
/* End PBXFrameworksBuildPhase section */

/* Begin PBXGroup section */
		6D56D39121F805C500258A9D /* Extensions */ = {
			isa = PBXGroup;
			children = (
				6D56D38D21F7EE9000258A9D /* UIButton.swift */,
			);
			path = Extensions;
			sourceTree = "<group>";
		};
		6D56D39221F805DB00258A9D /* New Group */ = {
			isa = PBXGroup;
			children = (
				6DF721A921F761BC00B79C7E /* AppDelegate.swift */,
				6DF721B021F761BE00B79C7E /* Assets.xcassets */,
				6DF721B521F761BE00B79C7E /* Info.plist */,
			);
			path = "New Group";
			sourceTree = "<group>";
		};
		6D56D39321F805E800258A9D /* View */ = {
			isa = PBXGroup;
			children = (
				6DF721AD21F761BC00B79C7E /* Main.storyboard */,
				6DF721B221F761BE00B79C7E /* LaunchScreen.storyboard */,
			);
			path = View;
			sourceTree = "<group>";
		};
		6D56D39421F805F400258A9D /* Controller */ = {
			isa = PBXGroup;
			children = (
				6DAB43CD21FFE29F00419370 /* PopOverViewController.swift */,
				6DF721AB21F761BC00B79C7E /* CategoriasViewController.swift */,
				6D63DC232200A3870006DAD8 /* ServidoresViewController.swift */,
				6DC3C9DC220BBC2F005EAC4E /* SobreViewController.swift */,
			);
			path = Controller;
			sourceTree = "<group>";
		};
		6DAB43D121FFE67B00419370 /* Model */ = {
			isa = PBXGroup;
			children = (
				6DAB43CF21FFE67100419370 /* Categoria.swift */,
			);
			path = Model;
			sourceTree = "<group>";
		};
		6DF7219D21F761BC00B79C7E = {
			isa = PBXGroup;
			children = (
				6DC3C9DE220BCFD1005EAC4E /* WebViewController.swift */,
				6DF721A821F761BC00B79C7E /* Opacity */,
				6DF721A721F761BC00B79C7E /* Products */,
			);
			sourceTree = "<group>";
		};
		6DF721A721F761BC00B79C7E /* Products */ = {
			isa = PBXGroup;
			children = (
				6DF721A621F761BC00B79C7E /* Opacity.app */,
			);
			name = Products;
			sourceTree = "<group>";
		};
		6DF721A821F761BC00B79C7E /* Opacity */ = {
			isa = PBXGroup;
			children = (
				6DAB43D121FFE67B00419370 /* Model */,
				6D56D39321F805E800258A9D /* View */,
				6D56D39421F805F400258A9D /* Controller */,
				6D56D39121F805C500258A9D /* Extensions */,
				6D56D39221F805DB00258A9D /* New Group */,
			);
			path = Opacity;
			sourceTree = "<group>";
		};
/* End PBXGroup section */

/* Begin PBXNativeTarget section */
		6DF721A521F761BC00B79C7E /* Opacity */ = {
			isa = PBXNativeTarget;
			buildConfigurationList = 6DF721B821F761BE00B79C7E /* Build configuration list for PBXNativeTarget "Opacity" */;
			buildPhases = (
				6DF721A221F761BC00B79C7E /* Sources */,
				6DF721A321F761BC00B79C7E /* Frameworks */,
				6DF721A421F761BC00B79C7E /* Resources */,
			);
			buildRules = (
			);
			dependencies = (
			);
			name = Opacity;
			productName = Opacity;
			productReference = 6DF721A621F761BC00B79C7E /* Opacity.app */;
			productType = "com.apple.product-type.application";
		};
/* End PBXNativeTarget section */

/* Begin PBXProject section */
		6DF7219E21F761BC00B79C7E /* Project object */ = {
			isa = PBXProject;
			attributes = {
				LastSwiftUpdateCheck = 1010;
				LastUpgradeCheck = 1010;
				ORGANIZATIONNAME = "Lucas Santana Brito";
				TargetAttributes = {
					6DF721A521F761BC00B79C7E = {
						CreatedOnToolsVersion = 10.1;
					};
				};
			};
			buildConfigurationList = 6DF721A121F761BC00B79C7E /* Build configuration list for PBXProject "Opacity" */;
			compatibilityVersion = "Xcode 9.3";
			developmentRegion = en;
			hasScannedForEncodings = 0;
			knownRegions = (
				en,
				Base,
			);
			mainGroup = 6DF7219D21F761BC00B79C7E;
			productRefGroup = 6DF721A721F761BC00B79C7E /* Products */;
			projectDirPath = "";
			projectRoot = "";
			targets = (
				6DF721A521F761BC00B79C7E /* Opacity */,
			);
		};
/* End PBXProject section */

/* Begin PBXResourcesBuildPhase section */
		6DF721A421F761BC00B79C7E /* Resources */ = {
			isa = PBXResourcesBuildPhase;
			buildActionMask = 2147483647;
			files = (
				6DF721B421F761BE00B79C7E /* LaunchScreen.storyboard in Resources */,
				6DF721B121F761BE00B79C7E /* Assets.xcassets in Resources */,
				6DF721AF21F761BC00B79C7E /* Main.storyboard in Resources */,
			);
			runOnlyForDeploymentPostprocessing = 0;
		};
/* End PBXResourcesBuildPhase section */

/* Begin PBXSourcesBuildPhase section */
		6DF721A221F761BC00B79C7E /* Sources */ = {
			isa = PBXSourcesBuildPhase;
			buildActionMask = 2147483647;
			files = (
				6DAB43CE21FFE29F00419370 /* PopOverViewController.swift in Sources */,
				6DF721AC21F761BC00B79C7E /* CategoriasViewController.swift in Sources */,
				6DF721AA21F761BC00B79C7E /* AppDelegate.swift in Sources */,
				6DC3C9DD220BBC2F005EAC4E /* SobreViewController.swift in Sources */,
				6D56D38E21F7EE9000258A9D /* UIButton.swift in Sources */,
				6D63DC242200A3870006DAD8 /* ServidoresViewController.swift in Sources */,
				6DAB43D021FFE67100419370 /* Categoria.swift in Sources */,
				6DC3C9DF220BCFD1005EAC4E /* WebViewController.swift in Sources */,
			);
			runOnlyForDeploymentPostprocessing = 0;
		};
/* End PBXSourcesBuildPhase section */

/* Begin PBXVariantGroup section */
		6DF721AD21F761BC00B79C7E /* Main.storyboard */ = {
			isa = PBXVariantGroup;
			children = (
				6DF721AE21F761BC00B79C7E /* Base */,
			);
			name = Main.storyboard;
			sourceTree = "<group>";
		};
		6DF721B221F761BE00B79C7E /* LaunchScreen.storyboard */ = {
			isa = PBXVariantGroup;
			children = (
				6DF721B321F761BE00B79C7E /* Base */,
			);
			name = LaunchScreen.storyboard;
			sourceTree = "<group>";
		};
/* End PBXVariantGroup section */

/* Begin XCBuildConfiguration section */
		6DF721B621F761BE00B79C7E /* Debug */ = {
			isa = XCBuildConfiguration;
			buildSettings = {
				ALWAYS_SEARCH_USER_PATHS = NO;
				CLANG_ANALYZER_NONNULL = YES;
				CLANG_ANALYZER_NUMBER_OBJECT_CONVERSION = YES_AGGRESSIVE;
				CLANG_CXX_LANGUAGE_STANDARD = "gnu++14";
				CLANG_CXX_LIBRARY = "libc++";
				CLANG_ENABLE_MODULES = YES;
				CLANG_ENABLE_OBJC_ARC = YES;
				CLANG_ENABLE_OBJC_WEAK = YES;
				CLANG_WARN_BLOCK_CAPTURE_AUTORELEASING = YES;
				CLANG_WARN_BOOL_CONVERSION = YES;
				CLANG_WARN_COMMA = YES;
				CLANG_WARN_CONSTANT_CONVERSION = YES;
				CLANG_WARN_DEPRECATED_OBJC_IMPLEMENTATIONS = YES;
				CLANG_WARN_DIRECT_OBJC_ISA_USAGE = YES_ERROR;
				CLANG_WARN_DOCUMENTATION_COMMENTS = YES;
				CLANG_WARN_EMPTY_BODY = YES;
				CLANG_WARN_ENUM_CONVERSION = YES;
				CLANG_WARN_INFINITE_RECURSION = YES;
				CLANG_WARN_INT_CONVERSION = YES;
				CLANG_WARN_NON_LITERAL_NULL_CONVERSION = YES;
				CLANG_WARN_OBJC_IMPLICIT_RETAIN_SELF = YES;
				CLANG_WARN_OBJC_LITERAL_CONVERSION = YES;
				CLANG_WARN_OBJC_ROOT_CLASS = YES_ERROR;
				CLANG_WARN_RANGE_LOOP_ANALYSIS = YES;
				CLANG_WARN_STRICT_PROTOTYPES = YES;
				CLANG_WARN_SUSPICIOUS_MOVE = YES;
				CLANG_WARN_UNGUARDED_AVAILABILITY = YES_AGGRESSIVE;
				CLANG_WARN_UNREACHABLE_CODE = YES;
				CLANG_WARN__DUPLICATE_METHOD_MATCH = YES;
				CODE_SIGN_IDENTITY = "iPhone Developer";
				COPY_PHASE_STRIP = NO;
				DEBUG_INFORMATION_FORMAT = dwarf;
				ENABLE_STRICT_OBJC_MSGSEND = YES;
				ENABLE_TESTABILITY = YES;
				GCC_C_LANGUAGE_STANDARD = gnu11;
				GCC_DYNAMIC_NO_PIC = NO;
				GCC_NO_COMMON_BLOCKS = YES;
				GCC_OPTIMIZATION_LEVEL = 0;
				GCC_PREPROCESSOR_DEFINITIONS = (
					"DEBUG=1",
					"$(inherited)",
				);
				GCC_WARN_64_TO_32_BIT_CONVERSION = YES;
				GCC_WARN_ABOUT_RETURN_TYPE = YES_ERROR;
				GCC_WARN_UNDECLARED_SELECTOR = YES;
				GCC_WARN_UNINITIALIZED_AUTOS = YES_AGGRESSIVE;
				GCC_WARN_UNUSED_FUNCTION = YES;
				GCC_WARN_UNUSED_VARIABLE = YES;
				IPHONEOS_DEPLOYMENT_TARGET = 12.1;
				MTL_ENABLE_DEBUG_INFO = INCLUDE_SOURCE;
				MTL_FAST_MATH = YES;
				ONLY_ACTIVE_ARCH = YES;
				SDKROOT = iphoneos;
				SWIFT_ACTIVE_COMPILATION_CONDITIONS = DEBUG;
				SWIFT_OPTIMIZATION_LEVEL = "-Onone";
			};
			name = Debug;
		};
		6DF721B721F761BE00B79C7E /* Release */ = {
			isa = XCBuildConfiguration;
			buildSettings = {
				ALWAYS_SEARCH_USER_PATHS = NO;
				CLANG_ANALYZER_NONNULL = YES;
				CLANG_ANALYZER_NUMBER_OBJECT_CONVERSION = YES_AGGRESSIVE;
				CLANG_CXX_LANGUAGE_STANDARD = "gnu++14";
				CLANG_CXX_LIBRARY = "libc++";
				CLANG_ENABLE_MODULES = YES;
				CLANG_ENABLE_OBJC_ARC = YES;
				CLANG_ENABLE_OBJC_WEAK = YES;
				CLANG_WARN_BLOCK_CAPTURE_AUTORELEASING = YES;
				CLANG_WARN_BOOL_CONVERSION = YES;
				CLANG_WARN_COMMA = YES;
				CLANG_WARN_CONSTANT_CONVERSION = YES;
				CLANG_WARN_DEPRECATED_OBJC_IMPLEMENTATIONS = YES;
				CLANG_WARN_DIRECT_OBJC_ISA_USAGE = YES_ERROR;
				CLANG_WARN_DOCUMENTATION_COMMENTS = YES;
				CLANG_WARN_EMPTY_BODY = YES;
				CLANG_WARN_ENUM_CONVERSION = YES;
				CLANG_WARN_INFINITE_RECURSION = YES;
				CLANG_WARN_INT_CONVERSION = YES;
				CLANG_WARN_NON_LITERAL_NULL_CONVERSION = YES;
				CLANG_WARN_OBJC_IMPLICIT_RETAIN_SELF = YES;
				CLANG_WARN_OBJC_LITERAL_CONVERSION = YES;
				CLANG_WARN_OBJC_ROOT_CLASS = YES_ERROR;
				CLANG_WARN_RANGE_LOOP_ANALYSIS = YES;
				CLANG_WARN_STRICT_PROTOTYPES = YES;
				CLANG_WARN_SUSPICIOUS_MOVE = YES;
				CLANG_WARN_UNGUARDED_AVAILABILITY = YES_AGGRESSIVE;
				CLANG_WARN_UNREACHABLE_CODE = YES;
				CLANG_WARN__DUPLICATE_METHOD_MATCH = YES;
				CODE_SIGN_IDENTITY = "iPhone Developer";
				COPY_PHASE_STRIP = NO;
				DEBUG_INFORMATION_FORMAT = "dwarf-with-dsym";
				ENABLE_NS_ASSERTIONS = NO;
				ENABLE_STRICT_OBJC_MSGSEND = YES;
				GCC_C_LANGUAGE_STANDARD = gnu11;
				GCC_NO_COMMON_BLOCKS = YES;
				GCC_WARN_64_TO_32_BIT_CONVERSION = YES;
				GCC_WARN_ABOUT_RETURN_TYPE = YES_ERROR;
				GCC_WARN_UNDECLARED_SELECTOR = YES;
				GCC_WARN_UNINITIALIZED_AUTOS = YES_AGGRESSIVE;
				GCC_WARN_UNUSED_FUNCTION = YES;
				GCC_WARN_UNUSED_VARIABLE = YES;
				IPHONEOS_DEPLOYMENT_TARGET = 12.1;
				MTL_ENABLE_DEBUG_INFO = NO;
				MTL_FAST_MATH = YES;
				SDKROOT = iphoneos;
				SWIFT_COMPILATION_MODE = wholemodule;
				SWIFT_OPTIMIZATION_LEVEL = "-O";
				VALIDATE_PRODUCT = YES;
			};
			name = Release;
		};
		6DF721B921F761BE00B79C7E /* Debug */ = {
			isa = XCBuildConfiguration;
			buildSettings = {
				ASSETCATALOG_COMPILER_APPICON_NAME = AppIcon;
				CODE_SIGN_STYLE = Automatic;
				DEVELOPMENT_TEAM = R6HS285U35;
				INFOPLIST_FILE = "$(SRCROOT)/Opacity/New Group/Info.plist";
				LD_RUNPATH_SEARCH_PATHS = (
					"$(inherited)",
					"@executable_path/Frameworks",
				);
				PRODUCT_BUNDLE_IDENTIFIER = br.lsb.Opacity;
				PRODUCT_NAME = "$(TARGET_NAME)";
				SWIFT_VERSION = 4.2;
				TARGETED_DEVICE_FAMILY = 1;
			};
			name = Debug;
		};
		6DF721BA21F761BE00B79C7E /* Release */ = {
			isa = XCBuildConfiguration;
			buildSettings = {
				ASSETCATALOG_COMPILER_APPICON_NAME = AppIcon;
				CODE_SIGN_STYLE = Automatic;
				DEVELOPMENT_TEAM = R6HS285U35;
				INFOPLIST_FILE = "$(SRCROOT)/Opacity/New Group/Info.plist";
				LD_RUNPATH_SEARCH_PATHS = (
					"$(inherited)",
					"@executable_path/Frameworks",
				);
				PRODUCT_BUNDLE_IDENTIFIER = br.lsb.Opacity;
				PRODUCT_NAME = "$(TARGET_NAME)";
				SWIFT_VERSION = 4.2;
				TARGETED_DEVICE_FAMILY = 1;
			};
			name = Release;
		};
/* End XCBuildConfiguration section */

/* Begin XCConfigurationList section */
		6DF721A121F761BC00B79C7E /* Build configuration list for PBXProject "Opacity" */ = {
			isa = XCConfigurationList;
			buildConfigurations = (
				6DF721B621F761BE00B79C7E /* Debug */,
				6DF721B721F761BE00B79C7E /* Release */,
			);
			defaultConfigurationIsVisible = 0;
			defaultConfigurationName = Release;
		};
		6DF721B821F761BE00B79C7E /* Build configuration list for PBXNativeTarget "Opacity" */ = {
			isa = XCConfigurationList;
			buildConfigurations = (
				6DF721B921F761BE00B79C7E /* Debug */,
				6DF721BA21F761BE00B79C7E /* Release */,
			);
			defaultConfigurationIsVisible = 0;
			defaultConfigurationName = Release;
		};
/* End XCConfigurationList section */
	};
	rootObject = 6DF7219E21F761BC00B79C7E /* Project object */;
}
